
Microsoft Visual Studio Solution File, Format Version 12.00
# Visual Studio Version 16
VisualStudioVersion = 16.0.29911.84
MinimumVisualStudioVersion = 10.0.40219.1
Project("{F184B08F-C81C-45F6-A57F-5ABD9991F28F}") = "CoronaCad", "CoronaCad.vbproj", "{6C192B29-A81B-423B-A0F5-9871A6D85FA7}"
EndProject
Global
	GlobalSection(SolutionConfigurationPlatforms) = preSolution
		Debug|Any CPU = Debug|Any CPU
		Release|Any CPU = Release|Any CPU
	EndGlobalSection
	GlobalSection(ProjectConfigurationPlatforms) = postSolution
		{6C192B29-A81B-423B-A0F5-9871A6D85FA7}.Debug|Any CPU.ActiveCfg = Debug|Any CPU
		{6C192B29-A81B-423B-A0F5-9871A6D85FA7}.Debug|Any CPU.Build.0 = Debug|Any CPU
		{6C192B29-A81B-423B-A0F5-9871A6D85FA7}.Release|Any CPU.ActiveCfg = Release|Any CPU
		{6C192B29-A81B-423B-A0F5-9871A6D85FA7}.Release|Any CPU.Build.0 = Release|Any CPU
	EndGlobalSection
	GlobalSection(SolutionProperties) = preSolution
		HideSolutionNode = FALSE
	EndGlobalSection
	GlobalSection(ExtensibilityGlobals) = postSolution
		SolutionGuid = {588DAAA0-8BA1-460E-8202-2097A6E34BD8}
	EndGlobalSection
EndGlobal
